
Microsoft Visual Studio Solution File, Format Version 12.00
# Visual Studio 15
VisualStudioVersion = 15.0.28307.902
MinimumVisualStudioVersion = 10.0.40219.1
Project("{8BC9CEB8-8B4A-11D0-8D11-00A0C91BC942}") = "dirtyCode", "dirtyCode\dirtyCode.vcxproj", "{0BFC8B09-3F7C-461C-BD1A-09141C6BAA40}"
EndProject
Global
	GlobalSection(SolutionConfigurationPlatforms) = preSolution
		Debug|x64 = Debug|x64
		Debug|x86 = Debug|x86
		Release|x64 = Release|x64
		Release|x86 = Release|x86
	EndGlobalSection
	GlobalSection(ProjectConfigurationPlatforms) = postSolution
		{0BFC8B09-3F7C-461C-BD1A-09141C6BAA40}.Debug|x64.ActiveCfg = Debug|x64
		{0BFC8B09-3F7C-461C-BD1A-09141C6BAA40}.Debug|x64.Build.0 = Debug|x64
		{0BFC8B09-3F7C-461C-BD1A-09141C6BAA40}.Debug|x86.ActiveCfg = Debug|Win32
		{0BFC8B09-3F7C-461C-BD1A-09141C6BAA40}.Debug|x86.Build.0 = Debug|Win32
		{0BFC8B09-3F7C-461C-BD1A-09141C6BAA40}.Release|x64.ActiveCfg = Release|x64
		{0BFC8B09-3F7C-461C-BD1A-09141C6BAA40}.Release|x64.Build.0 = Release|x64
		{0BFC8B09-3F7C-461C-BD1A-09141C6BAA40}.Release|x86.ActiveCfg = Release|Win32
		{0BFC8B09-3F7C-461C-BD1A-09141C6BAA40}.Release|x86.Build.0 = Release|Win32
	EndGlobalSection
	GlobalSection(SolutionProperties) = preSolution
		HideSolutionNode = FALSE
	EndGlobalSection
	GlobalSection(ExtensibilityGlobals) = postSolution
		SolutionGuid = {6E87A37C-F4A8-4886-8270-DBB356CD10E7}
	EndGlobalSection
EndGlobal
